schema: vela.frontier_lock.v0.1
generated_at: 2026-07-04T20:59:50Z
vela_version: 0.743.0
carina_kernel: carina@0.1.0
frontier_id: vfr_0a25edabc16db143
canonicalization:
  json: vela-canonical-json-v0.1
  yaml: vela-yaml-v0.1
reducer:
  package: vela@0.743.0
  digest: sha256:95feb6d85fdf56b073cdca51556b3981aff0d5e712d27964805120f679f4ca33
verifiers:
  package: vela-verify@0.743.0
  digest: sha256:285431fbb874640d6c974b6dfe2d26e5b8f8bd7fe342f5a5959531dcaac9c09e
  kinds:
  - costas
  - gf2_sidon
  - rook_directions
  - union_free
carina:
  kernel: carina@0.1.0
  digest: sha256:2de6244bc3c695cd83adf7d17fd9c52b6586ce060874b37814cc35aff340d5ee
snapshot_hash: sha256:d71b33d1c01dda9f606c12191c560784082cece85e220326719e8e8dbee0b61f
event_log_hash: sha256:1a31054a3d740269c7b56ebcb68cc525073e59651e90481256d9c2f2e9ae23e5
proposal_state_hash: sha256:43ec9271c96143751dff1366e484e46f76dc46a640a353cb0f8c49fba4c13e35
sources_hash: sha256:77c958d5d58978627555c5dc07692c009d542e0e10070cf9ef71b540c302804d
artifacts_hash: sha256:007ee8d7de4cfbbf0ba501062b50ccef1f523a068a675649a6082caea29581c1
review_hash: sha256:bb74af13f787e6f1357d243a3ff50e8efea86aaa7bc83c5291ab04afd0533ace
proof_freshness: fresh
proof:
  latest: proof/latest.json
  digest: sha256:b9a226718209b192df14c264ed174c869092dbc236bca51a546314f286bb744c
  freshness: fresh
  events_manifest: proof/events.manifest.jsonl
  replay_trace: proof/replay.trace.jsonl
paths:
  frontier: frontier.json
  events: .vela/events/
