schema: vela.frontier_lock.v0.1
generated_at: 2026-07-02T18:53:11Z
vela_version: 0.732.0
carina_kernel: carina@0.1.0
frontier_id: vfr_0a25edabc16db143
canonicalization:
  json: vela-canonical-json-v0.1
  yaml: vela-yaml-v0.1
reducer:
  package: vela@0.732.0
  digest: sha256:a9919182846a9a03a3ab1e26d2c6e0bfbd1033ff10fe0148956ef6656121dfdd
verifiers:
  package: vela-verify@0.732.0
  digest: sha256:e29b5c7ae03d64fccfa813b426bcd16bf1d67cb8ee1d89db6c49773d3e6e939b
carina:
  kernel: carina@0.1.0
  digest: sha256:2de6244bc3c695cd83adf7d17fd9c52b6586ce060874b37814cc35aff340d5ee
snapshot_hash: sha256:c8e0e9e6c9178233150c3e4229b1ddc09885478a5b6b2ce4356435ff6ada687d
event_log_hash: sha256:72be6056dd2341835a1e2bc01063f39c5337f94413293c0d4abbe00ca8bac296
proposal_state_hash: sha256:20e25249eefda61ca03029f915b1762cd76e49d82681c6e37d9d2a9463371d34
sources_hash: sha256:32f6ebeb61142df1d7f180a0c31d0f0c12f3ef1adee6a73d1d3878a5d07f9e93
artifacts_hash: sha256:007ee8d7de4cfbbf0ba501062b50ccef1f523a068a675649a6082caea29581c1
review_hash: sha256:bb74af13f787e6f1357d243a3ff50e8efea86aaa7bc83c5291ab04afd0533ace
proof_freshness: fresh
proof:
  latest: proof/latest.json
  digest: sha256:80b0a36e22212c39a6e013b0e73263d15da0b10ba5521dcc84f4ddcb0114b4a2
  freshness: fresh
  events_manifest: proof/events.manifest.jsonl
  replay_trace: proof/replay.trace.jsonl
paths:
  frontier: frontier.json
  events: .vela/events/
